
Microsoft Visual Studio Solution File, Format Version 12.00
# Visual Studio Version 17
VisualStudioVersion = 17.8.34309.116
MinimumVisualStudioVersion = 10.0.40219.1
Project("{9A19103F-16F7-4668-BE54-9A1E7A4F7556}") = "MechanicApp", "MechanicApp\MechanicApp.csproj", "{D7DC4F28-C632-4198-80CE-8BE2AFCC7732}"
EndProject
Project("{FAE04EC0-301F-11D3-BF4B-00C04F79EFBC}") = "DataBaseControllerLibrary", "DataBaseControllerLibrary\DataBaseControllerLibrary.csproj", "{497D1FA2-FA3F-4FDC-9910-232F4AB8AAF9}"
EndProject
Project("{FAE04EC0-301F-11D3-BF4B-00C04F79EFBC}") = "DBTests", "DBTests\DBTests.csproj", "{34A35BEC-9448-478A-AEF1-EC0BE6E6349C}"
EndProject
Global
	GlobalSection(SolutionConfigurationPlatforms) = preSolution
		Debug|Any CPU = Debug|Any CPU
		Release|Any CPU = Release|Any CPU
	EndGlobalSection
	GlobalSection(ProjectConfigurationPlatforms) = postSolution
		{D7DC4F28-C632-4198-80CE-8BE2AFCC7732}.Debug|Any CPU.ActiveCfg = Debug|Any CPU
		{D7DC4F28-C632-4198-80CE-8BE2AFCC7732}.Debug|Any CPU.Build.0 = Debug|Any CPU
		{D7DC4F28-C632-4198-80CE-8BE2AFCC7732}.Release|Any CPU.ActiveCfg = Release|Any CPU
		{D7DC4F28-C632-4198-80CE-8BE2AFCC7732}.Release|Any CPU.Build.0 = Release|Any CPU
		{497D1FA2-FA3F-4FDC-9910-232F4AB8AAF9}.Debug|Any CPU.ActiveCfg = Debug|Any CPU
		{497D1FA2-FA3F-4FDC-9910-232F4AB8AAF9}.Debug|Any CPU.Build.0 = Debug|Any CPU
		{497D1FA2-FA3F-4FDC-9910-232F4AB8AAF9}.Release|Any CPU.ActiveCfg = Release|Any CPU
		{497D1FA2-FA3F-4FDC-9910-232F4AB8AAF9}.Release|Any CPU.Build.0 = Release|Any CPU
		{34A35BEC-9448-478A-AEF1-EC0BE6E6349C}.Debug|Any CPU.ActiveCfg = Debug|Any CPU
		{34A35BEC-9448-478A-AEF1-EC0BE6E6349C}.Debug|Any CPU.Build.0 = Debug|Any CPU
		{34A35BEC-9448-478A-AEF1-EC0BE6E6349C}.Release|Any CPU.ActiveCfg = Release|Any CPU
		{34A35BEC-9448-478A-AEF1-EC0BE6E6349C}.Release|Any CPU.Build.0 = Release|Any CPU
	EndGlobalSection
	GlobalSection(SolutionProperties) = preSolution
		HideSolutionNode = FALSE
	EndGlobalSection
	GlobalSection(ExtensibilityGlobals) = postSolution
		SolutionGuid = {46ED5C3A-A721-4A86-8B39-EA8A41FD923B}
	EndGlobalSection
EndGlobal
